
Microsoft Visual Studio Solution File, Format Version 12.00
# Visual Studio 2012
Project("{F14B399A-7131-4C87-9E4B-1186C45EF12D}") = "ReportesBonificaciones", "ReportesBonificaciones\ReportesBonificaciones.rptproj", "{19059CFF-D380-49F0-A259-260AD455773E}"
EndProject
Global
	GlobalSection(SolutionConfigurationPlatforms) = preSolution
		Debug|Default = Debug|Default
		DebugLocal|Default = DebugLocal|Default
		Release|Default = Release|Default
	EndGlobalSection
	GlobalSection(ProjectConfigurationPlatforms) = postSolution
		{19059CFF-D380-49F0-A259-260AD455773E}.Debug|Default.ActiveCfg = Debug
		{19059CFF-D380-49F0-A259-260AD455773E}.Debug|Default.Build.0 = Debug
		{19059CFF-D380-49F0-A259-260AD455773E}.Debug|Default.Deploy.0 = Debug
		{19059CFF-D380-49F0-A259-260AD455773E}.DebugLocal|Default.ActiveCfg = DebugLocal
		{19059CFF-D380-49F0-A259-260AD455773E}.DebugLocal|Default.Build.0 = DebugLocal
		{19059CFF-D380-49F0-A259-260AD455773E}.Release|Default.ActiveCfg = Release
		{19059CFF-D380-49F0-A259-260AD455773E}.Release|Default.Build.0 = Release
		{19059CFF-D380-49F0-A259-260AD455773E}.Release|Default.Deploy.0 = Release
	EndGlobalSection
	GlobalSection(SolutionProperties) = preSolution
		HideSolutionNode = FALSE
	EndGlobalSection
EndGlobal
